// !$*UTF8*$!
{
	archiveVersion = 1;
	classes = {
	};
	objectVersion = 51;
	objects = {

/* Begin PBXBuildFile section */
		D969686723D62D4800001E5B /* Localized.strings in Resources */ = {isa = PBXBuildFile; fileRef = D969686923D62D4800001E5B /* Localized.strings */; };
		D969686B23D62D6D00001E5B /* Localized.swift in Sources */ = {isa = PBXBuildFile; fileRef = D969686A23D62D6D00001E5B /* Localized.swift */; };
		D98307EF23D37B1900A01354 /* CountdownDetailView.swift in Sources */ = {isa = PBXBuildFile; fileRef = D98307EE23D37B1900A01354 /* CountdownDetailView.swift */; };
		D98307F123D37F2000A01354 /* CountdownDetailPresenter.swift in Sources */ = {isa = PBXBuildFile; fileRef = D98307F023D37F2000A01354 /* CountdownDetailPresenter.swift */; };
		D98307F523D389D100A01354 /* Localizable.stringsdict in Resources */ = {isa = PBXBuildFile; fileRef = D98307F723D389D100A01354 /* Localizable.stringsdict */; };
		D9C15A1923C9ADB3003512B9 /* AddCountdownPresenter.swift in Sources */ = {isa = PBXBuildFile; fileRef = D9C15A1823C9ADB3003512B9 /* AddCountdownPresenter.swift */; };
		D9C15A1D23C9B030003512B9 /* CountdownsRepository.swift in Sources */ = {isa = PBXBuildFile; fileRef = D9C15A1C23C9B030003512B9 /* CountdownsRepository.swift */; };
		D9C15A1F23C9B15B003512B9 /* CountdownsListPresenter.swift in Sources */ = {isa = PBXBuildFile; fileRef = D9C15A1E23C9B15B003512B9 /* CountdownsListPresenter.swift */; };
		D9C15A2323C9D2B5003512B9 /* Swinject.framework in Frameworks */ = {isa = PBXBuildFile; fileRef = D9C15A2223C9D2B5003512B9 /* Swinject.framework */; };
		D9C15A2723C9D55A003512B9 /* Inject.swift in Sources */ = {isa = PBXBuildFile; fileRef = D9C15A2623C9D55A003512B9 /* Inject.swift */; };
		D9DF8BE723C4703F003645AD /* AppDelegate.swift in Sources */ = {isa = PBXBuildFile; fileRef = D9DF8BE623C4703F003645AD /* AppDelegate.swift */; };
		D9DF8BE923C4703F003645AD /* SceneDelegate.swift in Sources */ = {isa = PBXBuildFile; fileRef = D9DF8BE823C4703F003645AD /* SceneDelegate.swift */; };
		D9DF8BEB23C4703F003645AD /* AppView.swift in Sources */ = {isa = PBXBuildFile; fileRef = D9DF8BEA23C4703F003645AD /* AppView.swift */; };
		D9DF8BED23C4703F003645AD /* Assets.xcassets in Resources */ = {isa = PBXBuildFile; fileRef = D9DF8BEC23C4703F003645AD /* Assets.xcassets */; };
		D9DF8BF323C4703F003645AD /* LaunchScreen.storyboard in Resources */ = {isa = PBXBuildFile; fileRef = D9DF8BF123C4703F003645AD /* LaunchScreen.storyboard */; };
		D9DF8BFE23C4703F003645AD /* countdownsTests.swift in Sources */ = {isa = PBXBuildFile; fileRef = D9DF8BFD23C4703F003645AD /* countdownsTests.swift */; };
		D9DF8C0D23C470BA003645AD /* CountdownsListView.swift in Sources */ = {isa = PBXBuildFile; fileRef = D9DF8C0C23C470BA003645AD /* CountdownsListView.swift */; };
		D9DF8C1223C474FE003645AD /* AddCountdownView.swift in Sources */ = {isa = PBXBuildFile; fileRef = D9DF8C1123C474FE003645AD /* AddCountdownView.swift */; };
		D9EA8FDD23CA436200AB99D4 /* CountdownsMemoryRepository.swift in Sources */ = {isa = PBXBuildFile; fileRef = D9EA8FDC23CA436200AB99D4 /* CountdownsMemoryRepository.swift */; };
		D9EA8FDF23CA438C00AB99D4 /* CountdownsCoreDataRepository.swift in Sources */ = {isa = PBXBuildFile; fileRef = D9EA8FDE23CA438C00AB99D4 /* CountdownsCoreDataRepository.swift */; };
		D9EA8FE223CA43B300AB99D4 /* Countdowns.xcdatamodeld in Sources */ = {isa = PBXBuildFile; fileRef = D9EA8FE023CA43B300AB99D4 /* Countdowns.xcdatamodeld */; };
/* End PBXBuildFile section */

/* Begin PBXContainerItemProxy section */
		D9DF8BFA23C4703F003645AD /* PBXContainerItemProxy */ = {
			isa = PBXContainerItemProxy;
			containerPortal = D9DF8BDB23C4703F003645AD /* Project object */;
			proxyType = 1;
			remoteGlobalIDString = D9DF8BE223C4703F003645AD;
			remoteInfo = countdowns;
		};
/* End PBXContainerItemProxy section */

/* Begin PBXFileReference section */
		D969686823D62D4800001E5B /* en */ = {isa = PBXFileReference; lastKnownFileType = text.plist.strings; name = en; path = en.lproj/Localized.strings; sourceTree = "<group>"; };
		D969686A23D62D6D00001E5B /* Localized.swift */ = {isa = PBXFileReference; lastKnownFileType = sourcecode.swift; path = Localized.swift; sourceTree = "<group>"; };
		D98307EE23D37B1900A01354 /* CountdownDetailView.swift */ = {isa = PBXFileReference; lastKnownFileType = sourcecode.swift; path = CountdownDetailView.swift; sourceTree = "<group>"; };
		D98307F023D37F2000A01354 /* CountdownDetailPresenter.swift */ = {isa = PBXFileReference; lastKnownFileType = sourcecode.swift; path = CountdownDetailPresenter.swift; sourceTree = "<group>"; };
		D98307F623D389D100A01354 /* en */ = {isa = PBXFileReference; lastKnownFileType = text.plist.stringsdict; name = en; path = en.lproj/Localizable.stringsdict; sourceTree = "<group>"; };
		D9C15A1823C9ADB3003512B9 /* AddCountdownPresenter.swift */ = {isa = PBXFileReference; lastKnownFileType = sourcecode.swift; path = AddCountdownPresenter.swift; sourceTree = "<group>"; };
		D9C15A1C23C9B030003512B9 /* CountdownsRepository.swift */ = {isa = PBXFileReference; lastKnownFileType = sourcecode.swift; path = CountdownsRepository.swift; sourceTree = "<group>"; };
		D9C15A1E23C9B15B003512B9 /* CountdownsListPresenter.swift */ = {isa = PBXFileReference; lastKnownFileType = sourcecode.swift; path = CountdownsListPresenter.swift; sourceTree = "<group>"; };
		D9C15A2223C9D2B5003512B9 /* Swinject.framework */ = {isa = PBXFileReference; lastKnownFileType = wrapper.framework; name = Swinject.framework; path = Carthage/Build/iOS/Swinject.framework; sourceTree = "<group>"; };
		D9C15A2623C9D55A003512B9 /* Inject.swift */ = {isa = PBXFileReference; lastKnownFileType = sourcecode.swift; path = Inject.swift; sourceTree = "<group>"; };
		D9DF8BE323C4703F003645AD /* countdowns.app */ = {isa = PBXFileReference; explicitFileType = wrapper.application; includeInIndex = 0; path = countdowns.app; sourceTree = BUILT_PRODUCTS_DIR; };
		D9DF8BE623C4703F003645AD /* AppDelegate.swift */ = {isa = PBXFileReference; lastKnownFileType = sourcecode.swift; path = AppDelegate.swift; sourceTree = "<group>"; };
		D9DF8BE823C4703F003645AD /* SceneDelegate.swift */ = {isa = PBXFileReference; lastKnownFileType = sourcecode.swift; path = SceneDelegate.swift; sourceTree = "<group>"; };
		D9DF8BEA23C4703F003645AD /* AppView.swift */ = {isa = PBXFileReference; lastKnownFileType = sourcecode.swift; path = AppView.swift; sourceTree = "<group>"; };
		D9DF8BEC23C4703F003645AD /* Assets.xcassets */ = {isa = PBXFileReference; lastKnownFileType = folder.assetcatalog; path = Assets.xcassets; sourceTree = "<group>"; };
		D9DF8BF223C4703F003645AD /* Base */ = {isa = PBXFileReference; lastKnownFileType = file.storyboard; name = Base; path = Base.lproj/LaunchScreen.storyboard; sourceTree = "<group>"; };
		D9DF8BF423C4703F003645AD /* Info.plist */ = {isa = PBXFileReference; lastKnownFileType = text.plist.xml; path = Info.plist; sourceTree = "<group>"; };
		D9DF8BF923C4703F003645AD /* countdownsTests.xctest */ = {isa = PBXFileReference; explicitFileType = wrapper.cfbundle; includeInIndex = 0; path = countdownsTests.xctest; sourceTree = BUILT_PRODUCTS_DIR; };
		D9DF8BFD23C4703F003645AD /* countdownsTests.swift */ = {isa = PBXFileReference; lastKnownFileType = sourcecode.swift; path = countdownsTests.swift; sourceTree = "<group>"; };
		D9DF8BFF23C4703F003645AD /* Info.plist */ = {isa = PBXFileReference; lastKnownFileType = text.plist.xml; path = Info.plist; sourceTree = "<group>"; };
		D9DF8C0C23C470BA003645AD /* CountdownsListView.swift */ = {isa = PBXFileReference; lastKnownFileType = sourcecode.swift; path = CountdownsListView.swift; sourceTree = "<group>"; };
		D9DF8C1123C474FE003645AD /* AddCountdownView.swift */ = {isa = PBXFileReference; lastKnownFileType = sourcecode.swift; path = AddCountdownView.swift; sourceTree = "<group>"; };
		D9EA8FDC23CA436200AB99D4 /* CountdownsMemoryRepository.swift */ = {isa = PBXFileReference; lastKnownFileType = sourcecode.swift; path = CountdownsMemoryRepository.swift; sourceTree = "<group>"; };
		D9EA8FDE23CA438C00AB99D4 /* CountdownsCoreDataRepository.swift */ = {isa = PBXFileReference; lastKnownFileType = sourcecode.swift; path = CountdownsCoreDataRepository.swift; sourceTree = "<group>"; };
		D9EA8FE123CA43B300AB99D4 /* Countdowns.xcdatamodel */ = {isa = PBXFileReference; lastKnownFileType = wrapper.xcdatamodel; path = Countdowns.xcdatamodel; sourceTree = "<group>"; };
/* End PBXFileReference section */

/* Begin PBXFrameworksBuildPhase section */
		D9DF8BE023C4703F003645AD /* Frameworks */ = {
			isa = PBXFrameworksBuildPhase;
			buildActionMask = 2147483647;
			files = (
				D9C15A2323C9D2B5003512B9 /* Swinject.framework in Frameworks */,
			);
			runOnlyForDeploymentPostprocessing = 0;
		};
		D9DF8BF623C4703F003645AD /* Frameworks */ = {
			isa = PBXFrameworksBuildPhase;
			buildActionMask = 2147483647;
			files = (
			);
			runOnlyForDeploymentPostprocessing = 0;
		};
/* End PBXFrameworksBuildPhase section */

/* Begin PBXGroup section */
		D98307ED23D37B0D00A01354 /* CountdownDetail */ = {
			isa = PBXGroup;
			children = (
				D98307EE23D37B1900A01354 /* CountdownDetailView.swift */,
				D98307F023D37F2000A01354 /* CountdownDetailPresenter.swift */,
			);
			path = CountdownDetail;
			sourceTree = "<group>";
		};
		D98307F223D3882200A01354 /* Resources */ = {
			isa = PBXGroup;
			children = (
				D9DF8BEC23C4703F003645AD /* Assets.xcassets */,
				D9DF8BF123C4703F003645AD /* LaunchScreen.storyboard */,
				D98307F723D389D100A01354 /* Localizable.stringsdict */,
				D969686923D62D4800001E5B /* Localized.strings */,
			);
			path = Resources;
			sourceTree = "<group>";
		};
		D9C15A1A23C9B020003512B9 /* Repositories */ = {
			isa = PBXGroup;
			children = (
				D9C15A1B23C9B024003512B9 /* Countdowns */,
			);
			path = Repositories;
			sourceTree = "<group>";
		};
		D9C15A1B23C9B024003512B9 /* Countdowns */ = {
			isa = PBXGroup;
			children = (
				D9C15A1C23C9B030003512B9 /* CountdownsRepository.swift */,
				D9EA8FDC23CA436200AB99D4 /* CountdownsMemoryRepository.swift */,
				D9EA8FDE23CA438C00AB99D4 /* CountdownsCoreDataRepository.swift */,
				D9EA8FE023CA43B300AB99D4 /* Countdowns.xcdatamodeld */,
			);
			path = Countdowns;
			sourceTree = "<group>";
		};
		D9C15A2123C9D2B5003512B9 /* Frameworks */ = {
			isa = PBXGroup;
			children = (
				D9C15A2223C9D2B5003512B9 /* Swinject.framework */,
			);
			name = Frameworks;
			sourceTree = "<group>";
		};
		D9C15A2823C9D84D003512B9 /* Common */ = {
			isa = PBXGroup;
			children = (
				D9C15A2623C9D55A003512B9 /* Inject.swift */,
				D969686A23D62D6D00001E5B /* Localized.swift */,
			);
			path = Common;
			sourceTree = "<group>";
		};
		D9DF8BDA23C4703F003645AD = {
			isa = PBXGroup;
			children = (
				D9DF8BE523C4703F003645AD /* countdowns */,
				D9DF8BFC23C4703F003645AD /* countdownsTests */,
				D9DF8BE423C4703F003645AD /* Products */,
				D9C15A2123C9D2B5003512B9 /* Frameworks */,
			);
			sourceTree = "<group>";
		};
		D9DF8BE423C4703F003645AD /* Products */ = {
			isa = PBXGroup;
			children = (
				D9DF8BE323C4703F003645AD /* countdowns.app */,
				D9DF8BF923C4703F003645AD /* countdownsTests.xctest */,
			);
			name = Products;
			sourceTree = "<group>";
		};
		D9DF8BE523C4703F003645AD /* countdowns */ = {
			isa = PBXGroup;
			children = (
				D9DF8C0823C47055003645AD /* App */,
				D9DF8C0923C47099003645AD /* Modules */,
				D9C15A1A23C9B020003512B9 /* Repositories */,
				D9C15A2823C9D84D003512B9 /* Common */,
				D98307F223D3882200A01354 /* Resources */,
				D9DF8BF423C4703F003645AD /* Info.plist */,
			);
			path = countdowns;
			sourceTree = "<group>";
		};
		D9DF8BFC23C4703F003645AD /* countdownsTests */ = {
			isa = PBXGroup;
			children = (
				D9DF8BFD23C4703F003645AD /* countdownsTests.swift */,
				D9DF8BFF23C4703F003645AD /* Info.plist */,
			);
			path = countdownsTests;
			sourceTree = "<group>";
		};
		D9DF8C0823C47055003645AD /* App */ = {
			isa = PBXGroup;
			children = (
				D9DF8BE623C4703F003645AD /* AppDelegate.swift */,
				D9DF8BE823C4703F003645AD /* SceneDelegate.swift */,
				D9DF8BEA23C4703F003645AD /* AppView.swift */,
			);
			path = App;
			sourceTree = "<group>";
		};
		D9DF8C0923C47099003645AD /* Modules */ = {
			isa = PBXGroup;
			children = (
				D98307ED23D37B0D00A01354 /* CountdownDetail */,
				D9DF8C0F23C474F2003645AD /* AddCountdown */,
				D9DF8C0A23C470A7003645AD /* CountdownsList */,
			);
			path = Modules;
			sourceTree = "<group>";
		};
		D9DF8C0A23C470A7003645AD /* CountdownsList */ = {
			isa = PBXGroup;
			children = (
				D9DF8C0C23C470BA003645AD /* CountdownsListView.swift */,
				D9C15A1E23C9B15B003512B9 /* CountdownsListPresenter.swift */,
			);
			path = CountdownsList;
			sourceTree = "<group>";
		};
		D9DF8C0F23C474F2003645AD /* AddCountdown */ = {
			isa = PBXGroup;
			children = (
				D9DF8C1123C474FE003645AD /* AddCountdownView.swift */,
				D9C15A1823C9ADB3003512B9 /* AddCountdownPresenter.swift */,
			);
			path = AddCountdown;
			sourceTree = "<group>";
		};
/* End PBXGroup section */

/* Begin PBXNativeTarget section */
		D9DF8BE223C4703F003645AD /* countdowns */ = {
			isa = PBXNativeTarget;
			buildConfigurationList = D9DF8C0223C4703F003645AD /* Build configuration list for PBXNativeTarget "countdowns" */;
			buildPhases = (
				D9DF8BDF23C4703F003645AD /* Sources */,
				D9DF8BE023C4703F003645AD /* Frameworks */,
				D9DF8BE123C4703F003645AD /* Resources */,
				D9C15A2023C9D18F003512B9 /* Carthage */,
			);
			buildRules = (
			);
			dependencies = (
			);
			name = countdowns;
			productName = countdowns;
			productReference = D9DF8BE323C4703F003645AD /* countdowns.app */;
			productType = "com.apple.product-type.application";
		};
		D9DF8BF823C4703F003645AD /* countdownsTests */ = {
			isa = PBXNativeTarget;
			buildConfigurationList = D9DF8C0523C4703F003645AD /* Build configuration list for PBXNativeTarget "countdownsTests" */;
			buildPhases = (
				D9DF8BF523C4703F003645AD /* Sources */,
				D9DF8BF623C4703F003645AD /* Frameworks */,
				D9DF8BF723C4703F003645AD /* Resources */,
			);
			buildRules = (
			);
			dependencies = (
				D9DF8BFB23C4703F003645AD /* PBXTargetDependency */,
			);
			name = countdownsTests;
			productName = countdownsTests;
			productReference = D9DF8BF923C4703F003645AD /* countdownsTests.xctest */;
			productType = "com.apple.product-type.bundle.unit-test";
		};
/* End PBXNativeTarget section */

/* Begin PBXProject section */
		D9DF8BDB23C4703F003645AD /* Project object */ = {
			isa = PBXProject;
			attributes = {
				LastSwiftUpdateCheck = 1130;
				LastUpgradeCheck = 1130;
				ORGANIZATIONNAME = "Sergio Baro";
				TargetAttributes = {
					D9DF8BE223C4703F003645AD = {
						CreatedOnToolsVersion = 11.3;
					};
					D9DF8BF823C4703F003645AD = {
						CreatedOnToolsVersion = 11.3;
						TestTargetID = D9DF8BE223C4703F003645AD;
					};
				};
			};
			buildConfigurationList = D9DF8BDE23C4703F003645AD /* Build configuration list for PBXProject "countdowns" */;
			compatibilityVersion = "Xcode 9.3";
			developmentRegion = en;
			hasScannedForEncodings = 0;
			knownRegions = (
				en,
				Base,
			);
			mainGroup = D9DF8BDA23C4703F003645AD;
			productRefGroup = D9DF8BE423C4703F003645AD /* Products */;
			projectDirPath = "";
			projectRoot = "";
			targets = (
				D9DF8BE223C4703F003645AD /* countdowns */,
				D9DF8BF823C4703F003645AD /* countdownsTests */,
			);
		};
/* End PBXProject section */

/* Begin PBXResourcesBuildPhase section */
		D9DF8BE123C4703F003645AD /* Resources */ = {
			isa = PBXResourcesBuildPhase;
			buildActionMask = 2147483647;
			files = (
				D969686723D62D4800001E5B /* Localized.strings in Resources */,
				D9DF8BF323C4703F003645AD /* LaunchScreen.storyboard in Resources */,
				D9DF8BED23C4703F003645AD /* Assets.xcassets in Resources */,
				D98307F523D389D100A01354 /* Localizable.stringsdict in Resources */,
			);
			runOnlyForDeploymentPostprocessing = 0;
		};
		D9DF8BF723C4703F003645AD /* Resources */ = {
			isa = PBXResourcesBuildPhase;
			buildActionMask = 2147483647;
			files = (
			);
			runOnlyForDeploymentPostprocessing = 0;
		};
/* End PBXResourcesBuildPhase section */

/* Begin PBXShellScriptBuildPhase section */
		D9C15A2023C9D18F003512B9 /* Carthage */ = {
			isa = PBXShellScriptBuildPhase;
			buildActionMask = 2147483647;
			files = (
			);
			inputFileListPaths = (
				"$(SRCROOT)/input.xcfilelist",
			);
			inputPaths = (
			);
			name = Carthage;
			outputFileListPaths = (
				"$(SRCROOT)/output.xcfilelist",
			);
			outputPaths = (
			);
			runOnlyForDeploymentPostprocessing = 0;
			shellPath = /bin/sh;
			shellScript = "/usr/local/bin/carthage copy-frameworks\n";
		};
/* End PBXShellScriptBuildPhase section */

/* Begin PBXSourcesBuildPhase section */
		D9DF8BDF23C4703F003645AD /* Sources */ = {
			isa = PBXSourcesBuildPhase;
			buildActionMask = 2147483647;
			files = (
				D9EA8FDD23CA436200AB99D4 /* CountdownsMemoryRepository.swift in Sources */,
				D9EA8FDF23CA438C00AB99D4 /* CountdownsCoreDataRepository.swift in Sources */,
				D9DF8BE723C4703F003645AD /* AppDelegate.swift in Sources */,
				D98307EF23D37B1900A01354 /* CountdownDetailView.swift in Sources */,
				D9C15A1D23C9B030003512B9 /* CountdownsRepository.swift in Sources */,
				D9C15A2723C9D55A003512B9 /* Inject.swift in Sources */,
				D9DF8C1223C474FE003645AD /* AddCountdownView.swift in Sources */,
				D9C15A1923C9ADB3003512B9 /* AddCountdownPresenter.swift in Sources */,
				D9DF8BE923C4703F003645AD /* SceneDelegate.swift in Sources */,
				D9DF8C0D23C470BA003645AD /* CountdownsListView.swift in Sources */,
				D9C15A1F23C9B15B003512B9 /* CountdownsListPresenter.swift in Sources */,
				D9DF8BEB23C4703F003645AD /* AppView.swift in Sources */,
				D969686B23D62D6D00001E5B /* Localized.swift in Sources */,
				D9EA8FE223CA43B300AB99D4 /* Countdowns.xcdatamodeld in Sources */,
				D98307F123D37F2000A01354 /* CountdownDetailPresenter.swift in Sources */,
			);
			runOnlyForDeploymentPostprocessing = 0;
		};
		D9DF8BF523C4703F003645AD /* Sources */ = {
			isa = PBXSourcesBuildPhase;
			buildActionMask = 2147483647;
			files = (
				D9DF8BFE23C4703F003645AD /* countdownsTests.swift in Sources */,
			);
			runOnlyForDeploymentPostprocessing = 0;
		};
/* End PBXSourcesBuildPhase section */

/* Begin PBXTargetDependency section */
		D9DF8BFB23C4703F003645AD /* PBXTargetDependency */ = {
			isa = PBXTargetDependency;
			target = D9DF8BE223C4703F003645AD /* countdowns */;
			targetProxy = D9DF8BFA23C4703F003645AD /* PBXContainerItemProxy */;
		};
/* End PBXTargetDependency section */

/* Begin PBXVariantGroup section */
		D969686923D62D4800001E5B /* Localized.strings */ = {
			isa = PBXVariantGroup;
			children = (
				D969686823D62D4800001E5B /* en */,
			);
			name = Localized.strings;
			sourceTree = "<group>";
		};
		D98307F723D389D100A01354 /* Localizable.stringsdict */ = {
			isa = PBXVariantGroup;
			children = (
				D98307F623D389D100A01354 /* en */,
			);
			name = Localizable.stringsdict;
			sourceTree = "<group>";
		};
		D9DF8BF123C4703F003645AD /* LaunchScreen.storyboard */ = {
			isa = PBXVariantGroup;
			children = (
				D9DF8BF223C4703F003645AD /* Base */,
			);
			name = LaunchScreen.storyboard;
			sourceTree = "<group>";
		};
/* End PBXVariantGroup section */

/* Begin XCBuildConfiguration section */
		D9DF8C0023C4703F003645AD /* Debug */ = {
			isa = XCBuildConfiguration;
			buildSettings = {
				ALWAYS_SEARCH_USER_PATHS = NO;
				CLANG_ANALYZER_NONNULL = YES;
				CLANG_ANALYZER_NUMBER_OBJECT_CONVERSION = YES_AGGRESSIVE;
				CLANG_CXX_LANGUAGE_STANDARD = "gnu++14";
				CLANG_CXX_LIBRARY = "libc++";
				CLANG_ENABLE_MODULES = YES;
				CLANG_ENABLE_OBJC_ARC = YES;
				CLANG_ENABLE_OBJC_WEAK = YES;
				CLANG_WARN_BLOCK_CAPTURE_AUTORELEASING = YES;
				CLANG_WARN_BOOL_CONVERSION = YES;
				CLANG_WARN_COMMA = YES;
				CLANG_WARN_CONSTANT_CONVERSION = YES;
				CLANG_WARN_DEPRECATED_OBJC_IMPLEMENTATIONS = YES;
				CLANG_WARN_DIRECT_OBJC_ISA_USAGE = YES_ERROR;
				CLANG_WARN_DOCUMENTATION_COMMENTS = YES;
				CLANG_WARN_EMPTY_BODY = YES;
				CLANG_WARN_ENUM_CONVERSION = YES;
				CLANG_WARN_INFINITE_RECURSION = YES;
				CLANG_WARN_INT_CONVERSION = YES;
				CLANG_WARN_NON_LITERAL_NULL_CONVERSION = YES;
				CLANG_WARN_OBJC_IMPLICIT_RETAIN_SELF = YES;
				CLANG_WARN_OBJC_LITERAL_CONVERSION = YES;
				CLANG_WARN_OBJC_ROOT_CLASS = YES_ERROR;
				CLANG_WARN_RANGE_LOOP_ANALYSIS = YES;
				CLANG_WARN_STRICT_PROTOTYPES = YES;
				CLANG_WARN_SUSPICIOUS_MOVE = YES;
				CLANG_WARN_UNGUARDED_AVAILABILITY = YES_AGGRESSIVE;
				CLANG_WARN_UNREACHABLE_CODE = YES;
				CLANG_WARN__DUPLICATE_METHOD_MATCH = YES;
				COPY_PHASE_STRIP = NO;
				DEBUG_INFORMATION_FORMAT = dwarf;
				ENABLE_STRICT_OBJC_MSGSEND = YES;
				ENABLE_TESTABILITY = YES;
				GCC_C_LANGUAGE_STANDARD = gnu11;
				GCC_DYNAMIC_NO_PIC = NO;
				GCC_NO_COMMON_BLOCKS = YES;
				GCC_OPTIMIZATION_LEVEL = 0;
				GCC_PREPROCESSOR_DEFINITIONS = (
					"DEBUG=1",
					"$(inherited)",
				);
				GCC_WARN_64_TO_32_BIT_CONVERSION = YES;
				GCC_WARN_ABOUT_RETURN_TYPE = YES_ERROR;
				GCC_WARN_UNDECLARED_SELECTOR = YES;
				GCC_WARN_UNINITIALIZED_AUTOS = YES_AGGRESSIVE;
				GCC_WARN_UNUSED_FUNCTION = YES;
				GCC_WARN_UNUSED_VARIABLE = YES;
				IPHONEOS_DEPLOYMENT_TARGET = 13.2;
				MTL_ENABLE_DEBUG_INFO = INCLUDE_SOURCE;
				MTL_FAST_MATH = YES;
				ONLY_ACTIVE_ARCH = YES;
				SDKROOT = iphoneos;
				SWIFT_ACTIVE_COMPILATION_CONDITIONS = DEBUG;
				SWIFT_OPTIMIZATION_LEVEL = "-Onone";
			};
			name = Debug;
		};
		D9DF8C0123C4703F003645AD /* Release */ = {
			isa = XCBuildConfiguration;
			buildSettings = {
				ALWAYS_SEARCH_USER_PATHS = NO;
				CLANG_ANALYZER_NONNULL = YES;
				CLANG_ANALYZER_NUMBER_OBJECT_CONVERSION = YES_AGGRESSIVE;
				CLANG_CXX_LANGUAGE_STANDARD = "gnu++14";
				CLANG_CXX_LIBRARY = "libc++";
				CLANG_ENABLE_MODULES = YES;
				CLANG_ENABLE_OBJC_ARC = YES;
				CLANG_ENABLE_OBJC_WEAK = YES;
				CLANG_WARN_BLOCK_CAPTURE_AUTORELEASING = YES;
				CLANG_WARN_BOOL_CONVERSION = YES;
				CLANG_WARN_COMMA = YES;
				CLANG_WARN_CONSTANT_CONVERSION = YES;
				CLANG_WARN_DEPRECATED_OBJC_IMPLEMENTATIONS = YES;
				CLANG_WARN_DIRECT_OBJC_ISA_USAGE = YES_ERROR;
				CLANG_WARN_DOCUMENTATION_COMMENTS = YES;
				CLANG_WARN_EMPTY_BODY = YES;
				CLANG_WARN_ENUM_CONVERSION = YES;
				CLANG_WARN_INFINITE_RECURSION = YES;
				CLANG_WARN_INT_CONVERSION = YES;
				CLANG_WARN_NON_LITERAL_NULL_CONVERSION = YES;
				CLANG_WARN_OBJC_IMPLICIT_RETAIN_SELF = YES;
				CLANG_WARN_OBJC_LITERAL_CONVERSION = YES;
				CLANG_WARN_OBJC_ROOT_CLASS = YES_ERROR;
				CLANG_WARN_RANGE_LOOP_ANALYSIS = YES;
				CLANG_WARN_STRICT_PROTOTYPES = YES;
				CLANG_WARN_SUSPICIOUS_MOVE = YES;
				CLANG_WARN_UNGUARDED_AVAILABILITY = YES_AGGRESSIVE;
				CLANG_WARN_UNREACHABLE_CODE = YES;
				CLANG_WARN__DUPLICATE_METHOD_MATCH = YES;
				COPY_PHASE_STRIP = NO;
				DEBUG_INFORMATION_FORMAT = "dwarf-with-dsym";
				ENABLE_NS_ASSERTIONS = NO;
				ENABLE_STRICT_OBJC_MSGSEND = YES;
				GCC_C_LANGUAGE_STANDARD = gnu11;
				GCC_NO_COMMON_BLOCKS = YES;
				GCC_WARN_64_TO_32_BIT_CONVERSION = YES;
				GCC_WARN_ABOUT_RETURN_TYPE = YES_ERROR;
				GCC_WARN_UNDECLARED_SELECTOR = YES;
				GCC_WARN_UNINITIALIZED_AUTOS = YES_AGGRESSIVE;
				GCC_WARN_UNUSED_FUNCTION = YES;
				GCC_WARN_UNUSED_VARIABLE = YES;
				IPHONEOS_DEPLOYMENT_TARGET = 13.2;
				MTL_ENABLE_DEBUG_INFO = NO;
				MTL_FAST_MATH = YES;
				SDKROOT = iphoneos;
				SWIFT_COMPILATION_MODE = wholemodule;
				SWIFT_OPTIMIZATION_LEVEL = "-O";
				VALIDATE_PRODUCT = YES;
			};
			name = Release;
		};
		D9DF8C0323C4703F003645AD /* Debug */ = {
			isa = XCBuildConfiguration;
			buildSettings = {
				ASSETCATALOG_COMPILER_APPICON_NAME = AppIcon;
				CODE_SIGN_STYLE = Automatic;
				DEVELOPMENT_ASSET_PATHS = "";
				DEVELOPMENT_TEAM = U45ZNT55FZ;
				ENABLE_PREVIEWS = YES;
				FRAMEWORK_SEARCH_PATHS = (
					"$(inherited)",
					"$(PROJECT_DIR)/Carthage/Build/iOS",
				);
				INFOPLIST_FILE = countdowns/Info.plist;
				LD_RUNPATH_SEARCH_PATHS = (
					"$(inherited)",
					"@executable_path/Frameworks",
				);
				PRODUCT_BUNDLE_IDENTIFIER = com.sbs.countdowns;
				PRODUCT_NAME = "$(TARGET_NAME)";
				SWIFT_VERSION = 5.0;
				TARGETED_DEVICE_FAMILY = 1;
			};
			name = Debug;
		};
		D9DF8C0423C4703F003645AD /* Release */ = {
			isa = XCBuildConfiguration;
			buildSettings = {
				ASSETCATALOG_COMPILER_APPICON_NAME = AppIcon;
				CODE_SIGN_STYLE = Automatic;
				DEVELOPMENT_ASSET_PATHS = "";
				DEVELOPMENT_TEAM = U45ZNT55FZ;
				ENABLE_PREVIEWS = YES;
				FRAMEWORK_SEARCH_PATHS = (
					"$(inherited)",
					"$(PROJECT_DIR)/Carthage/Build/iOS",
				);
				INFOPLIST_FILE = countdowns/Info.plist;
				LD_RUNPATH_SEARCH_PATHS = (
					"$(inherited)",
					"@executable_path/Frameworks",
				);
				PRODUCT_BUNDLE_IDENTIFIER = com.sbs.countdowns;
				PRODUCT_NAME = "$(TARGET_NAME)";
				SWIFT_VERSION = 5.0;
				TARGETED_DEVICE_FAMILY = 1;
			};
			name = Release;
		};
		D9DF8C0623C4703F003645AD /* Debug */ = {
			isa = XCBuildConfiguration;
			buildSettings = {
				ALWAYS_EMBED_SWIFT_STANDARD_LIBRARIES = YES;
				BUNDLE_LOADER = "$(TEST_HOST)";
				CODE_SIGN_STYLE = Automatic;
				DEVELOPMENT_TEAM = U45ZNT55FZ;
				INFOPLIST_FILE = countdownsTests/Info.plist;
				IPHONEOS_DEPLOYMENT_TARGET = 13.2;
				LD_RUNPATH_SEARCH_PATHS = (
					"$(inherited)",
					"@executable_path/Frameworks",
					"@loader_path/Frameworks",
				);
				PRODUCT_BUNDLE_IDENTIFIER = com.sbs.countdownsTests;
				PRODUCT_NAME = "$(TARGET_NAME)";
				SWIFT_VERSION = 5.0;
				TARGETED_DEVICE_FAMILY = "1,2";
				TEST_HOST = "$(BUILT_PRODUCTS_DIR)/countdowns.app/countdowns";
			};
			name = Debug;
		};
		D9DF8C0723C4703F003645AD /* Release */ = {
			isa = XCBuildConfiguration;
			buildSettings = {
				ALWAYS_EMBED_SWIFT_STANDARD_LIBRARIES = YES;
				BUNDLE_LOADER = "$(TEST_HOST)";
				CODE_SIGN_STYLE = Automatic;
				DEVELOPMENT_TEAM = U45ZNT55FZ;
				INFOPLIST_FILE = countdownsTests/Info.plist;
				IPHONEOS_DEPLOYMENT_TARGET = 13.2;
				LD_RUNPATH_SEARCH_PATHS = (
					"$(inherited)",
					"@executable_path/Frameworks",
					"@loader_path/Frameworks",
				);
				PRODUCT_BUNDLE_IDENTIFIER = com.sbs.countdownsTests;
				PRODUCT_NAME = "$(TARGET_NAME)";
				SWIFT_VERSION = 5.0;
				TARGETED_DEVICE_FAMILY = "1,2";
				TEST_HOST = "$(BUILT_PRODUCTS_DIR)/countdowns.app/countdowns";
			};
			name = Release;
		};
/* End XCBuildConfiguration section */

/* Begin XCConfigurationList section */
		D9DF8BDE23C4703F003645AD /* Build configuration list for PBXProject "countdowns" */ = {
			isa = XCConfigurationList;
			buildConfigurations = (
				D9DF8C0023C4703F003645AD /* Debug */,
				D9DF8C0123C4703F003645AD /* Release */,
			);
			defaultConfigurationIsVisible = 0;
			defaultConfigurationName = Release;
		};
		D9DF8C0223C4703F003645AD /* Build configuration list for PBXNativeTarget "countdowns" */ = {
			isa = XCConfigurationList;
			buildConfigurations = (
				D9DF8C0323C4703F003645AD /* Debug */,
				D9DF8C0423C4703F003645AD /* Release */,
			);
			defaultConfigurationIsVisible = 0;
			defaultConfigurationName = Release;
		};
		D9DF8C0523C4703F003645AD /* Build configuration list for PBXNativeTarget "countdownsTests" */ = {
			isa = XCConfigurationList;
			buildConfigurations = (
				D9DF8C0623C4703F003645AD /* Debug */,
				D9DF8C0723C4703F003645AD /* Release */,
			);
			defaultConfigurationIsVisible = 0;
			defaultConfigurationName = Release;
		};
/* End XCConfigurationList section */

/* Begin XCVersionGroup section */
		D9EA8FE023CA43B300AB99D4 /* Countdowns.xcdatamodeld */ = {
			isa = XCVersionGroup;
			children = (
				D9EA8FE123CA43B300AB99D4 /* Countdowns.xcdatamodel */,
			);
			currentVersion = D9EA8FE123CA43B300AB99D4 /* Countdowns.xcdatamodel */;
			path = Countdowns.xcdatamodeld;
			sourceTree = "<group>";
			versionGroupType = wrapper.xcdatamodel;
		};
/* End XCVersionGroup section */
	};
	rootObject = D9DF8BDB23C4703F003645AD /* Project object */;
}
