// !$*UTF8*$!
{
	archiveVersion = 1;
	classes = {
	};
	objectVersion = 50;
	objects = {

/* Begin PBXBuildFile section */
		D9DF8BE723C4703F003645AD /* AppDelegate.swift in Sources */ = {isa = PBXBuildFile; fileRef = D9DF8BE623C4703F003645AD /* AppDelegate.swift */; };
		D9DF8BE923C4703F003645AD /* SceneDelegate.swift in Sources */ = {isa = PBXBuildFile; fileRef = D9DF8BE823C4703F003645AD /* SceneDelegate.swift */; };
		D9DF8BEB23C4703F003645AD /* ContentView.swift in Sources */ = {isa = PBXBuildFile; fileRef = D9DF8BEA23C4703F003645AD /* ContentView.swift */; };
		D9DF8BED23C4703F003645AD /* Assets.xcassets in Resources */ = {isa = PBXBuildFile; fileRef = D9DF8BEC23C4703F003645AD /* Assets.xcassets */; };
		D9DF8BF023C4703F003645AD /* Preview Assets.xcassets in Resources */ = {isa = PBXBuildFile; fileRef = D9DF8BEF23C4703F003645AD /* Preview Assets.xcassets */; };
		D9DF8BF323C4703F003645AD /* LaunchScreen.storyboard in Resources */ = {isa = PBXBuildFile; fileRef = D9DF8BF123C4703F003645AD /* LaunchScreen.storyboard */; };
		D9DF8BFE23C4703F003645AD /* countdownsTests.swift in Sources */ = {isa = PBXBuildFile; fileRef = D9DF8BFD23C4703F003645AD /* countdownsTests.swift */; };
/* End PBXBuildFile section */

/* Begin PBXContainerItemProxy section */
		D9DF8BFA23C4703F003645AD /* PBXContainerItemProxy */ = {
			isa = PBXContainerItemProxy;
			containerPortal = D9DF8BDB23C4703F003645AD /* Project object */;
			proxyType = 1;
			remoteGlobalIDString = D9DF8BE223C4703F003645AD;
			remoteInfo = countdowns;
		};
/* End PBXContainerItemProxy section */

/* Begin PBXFileReference section */
		D9DF8BE323C4703F003645AD /* countdowns.app */ = {isa = PBXFileReference; explicitFileType = wrapper.application; includeInIndex = 0; path = countdowns.app; sourceTree = BUILT_PRODUCTS_DIR; };
		D9DF8BE623C4703F003645AD /* AppDelegate.swift */ = {isa = PBXFileReference; lastKnownFileType = sourcecode.swift; path = AppDelegate.swift; sourceTree = "<group>"; };
		D9DF8BE823C4703F003645AD /* SceneDelegate.swift */ = {isa = PBXFileReference; lastKnownFileType = sourcecode.swift; path = SceneDelegate.swift; sourceTree = "<group>"; };
		D9DF8BEA23C4703F003645AD /* ContentView.swift */ = {isa = PBXFileReference; lastKnownFileType = sourcecode.swift; path = ContentView.swift; sourceTree = "<group>"; };
		D9DF8BEC23C4703F003645AD /* Assets.xcassets */ = {isa = PBXFileReference; lastKnownFileType = folder.assetcatalog; path = Assets.xcassets; sourceTree = "<group>"; };
		D9DF8BEF23C4703F003645AD /* Preview Assets.xcassets */ = {isa = PBXFileReference; lastKnownFileType = folder.assetcatalog; path = "Preview Assets.xcassets"; sourceTree = "<group>"; };
		D9DF8BF223C4703F003645AD /* Base */ = {isa = PBXFileReference; lastKnownFileType = file.storyboard; name = Base; path = Base.lproj/LaunchScreen.storyboard; sourceTree = "<group>"; };
		D9DF8BF423C4703F003645AD /* Info.plist */ = {isa = PBXFileReference; lastKnownFileType = text.plist.xml; path = Info.plist; sourceTree = "<group>"; };
		D9DF8BF923C4703F003645AD /* countdownsTests.xctest */ = {isa = PBXFileReference; explicitFileType = wrapper.cfbundle; includeInIndex = 0; path = countdownsTests.xctest; sourceTree = BUILT_PRODUCTS_DIR; };
		D9DF8BFD23C4703F003645AD /* countdownsTests.swift */ = {isa = PBXFileReference; lastKnownFileType = sourcecode.swift; path = countdownsTests.swift; sourceTree = "<group>"; };
		D9DF8BFF23C4703F003645AD /* Info.plist */ = {isa = PBXFileReference; lastKnownFileType = text.plist.xml; path = Info.plist; sourceTree = "<group>"; };
/* End PBXFileReference section */

/* Begin PBXFrameworksBuildPhase section */
		D9DF8BE023C4703F003645AD /* Frameworks */ = {
			isa = PBXFrameworksBuildPhase;
			buildActionMask = 2147483647;
			files = (
			);
			runOnlyForDeploymentPostprocessing = 0;
		};
		D9DF8BF623C4703F003645AD /* Frameworks */ = {
			isa = PBXFrameworksBuildPhase;
			buildActionMask = 2147483647;
			files = (
			);
			runOnlyForDeploymentPostprocessing = 0;
		};
/* End PBXFrameworksBuildPhase section */

/* Begin PBXGroup section */
		D9DF8BDA23C4703F003645AD = {
			isa = PBXGroup;
			children = (
				D9DF8BE523C4703F003645AD /* countdowns */,
				D9DF8BFC23C4703F003645AD /* countdownsTests */,
				D9DF8BE423C4703F003645AD /* Products */,
			);
			sourceTree = "<group>";
		};
		D9DF8BE423C4703F003645AD /* Products */ = {
			isa = PBXGroup;
			children = (
				D9DF8BE323C4703F003645AD /* countdowns.app */,
				D9DF8BF923C4703F003645AD /* countdownsTests.xctest */,
			);
			name = Products;
			sourceTree = "<group>";
		};
		D9DF8BE523C4703F003645AD /* countdowns */ = {
			isa = PBXGroup;
			children = (
				D9DF8BE623C4703F003645AD /* AppDelegate.swift */,
				D9DF8BE823C4703F003645AD /* SceneDelegate.swift */,
				D9DF8BEA23C4703F003645AD /* ContentView.swift */,
				D9DF8BEC23C4703F003645AD /* Assets.xcassets */,
				D9DF8BF123C4703F003645AD /* LaunchScreen.storyboard */,
				D9DF8BF423C4703F003645AD /* Info.plist */,
				D9DF8BEE23C4703F003645AD /* Preview Content */,
			);
			path = countdowns;
			sourceTree = "<group>";
		};
		D9DF8BEE23C4703F003645AD /* Preview Content */ = {
			isa = PBXGroup;
			children = (
				D9DF8BEF23C4703F003645AD /* Preview Assets.xcassets */,
			);
			path = "Preview Content";
			sourceTree = "<group>";
		};
		D9DF8BFC23C4703F003645AD /* countdownsTests */ = {
			isa = PBXGroup;
			children = (
				D9DF8BFD23C4703F003645AD /* countdownsTests.swift */,
				D9DF8BFF23C4703F003645AD /* Info.plist */,
			);
			path = countdownsTests;
			sourceTree = "<group>";
		};
/* End PBXGroup section */

/* Begin PBXNativeTarget section */
		D9DF8BE223C4703F003645AD /* countdowns */ = {
			isa = PBXNativeTarget;
			buildConfigurationList = D9DF8C0223C4703F003645AD /* Build configuration list for PBXNativeTarget "countdowns" */;
			buildPhases = (
				D9DF8BDF23C4703F003645AD /* Sources */,
				D9DF8BE023C4703F003645AD /* Frameworks */,
				D9DF8BE123C4703F003645AD /* Resources */,
			);
			buildRules = (
			);
			dependencies = (
			);
			name = countdowns;
			productName = countdowns;
			productReference = D9DF8BE323C4703F003645AD /* countdowns.app */;
			productType = "com.apple.product-type.application";
		};
		D9DF8BF823C4703F003645AD /* countdownsTests */ = {
			isa = PBXNativeTarget;
			buildConfigurationList = D9DF8C0523C4703F003645AD /* Build configuration list for PBXNativeTarget "countdownsTests" */;
			buildPhases = (
				D9DF8BF523C4703F003645AD /* Sources */,
				D9DF8BF623C4703F003645AD /* Frameworks */,
				D9DF8BF723C4703F003645AD /* Resources */,
			);
			buildRules = (
			);
			dependencies = (
				D9DF8BFB23C4703F003645AD /* PBXTargetDependency */,
			);
			name = countdownsTests;
			productName = countdownsTests;
			productReference = D9DF8BF923C4703F003645AD /* countdownsTests.xctest */;
			productType = "com.apple.product-type.bundle.unit-test";
		};
/* End PBXNativeTarget section */

/* Begin PBXProject section */
		D9DF8BDB23C4703F003645AD /* Project object */ = {
			isa = PBXProject;
			attributes = {
				LastSwiftUpdateCheck = 1130;
				LastUpgradeCheck = 1130;
				ORGANIZATIONNAME = "Sergio Baro";
				TargetAttributes = {
					D9DF8BE223C4703F003645AD = {
						CreatedOnToolsVersion = 11.3;
					};
					D9DF8BF823C4703F003645AD = {
						CreatedOnToolsVersion = 11.3;
						TestTargetID = D9DF8BE223C4703F003645AD;
					};
				};
			};
			buildConfigurationList = D9DF8BDE23C4703F003645AD /* Build configuration list for PBXProject "countdowns" */;
			compatibilityVersion = "Xcode 9.3";
			developmentRegion = en;
			hasScannedForEncodings = 0;
			knownRegions = (
				en,
				Base,
			);
			mainGroup = D9DF8BDA23C4703F003645AD;
			productRefGroup = D9DF8BE423C4703F003645AD /* Products */;
			projectDirPath = "";
			projectRoot = "";
			targets = (
				D9DF8BE223C4703F003645AD /* countdowns */,
				D9DF8BF823C4703F003645AD /* countdownsTests */,
			);
		};
/* End PBXProject section */

/* Begin PBXResourcesBuildPhase section */
		D9DF8BE123C4703F003645AD /* Resources */ = {
			isa = PBXResourcesBuildPhase;
			buildActionMask = 2147483647;
			files = (
				D9DF8BF323C4703F003645AD /* LaunchScreen.storyboard in Resources */,
				D9DF8BF023C4703F003645AD /* Preview Assets.xcassets in Resources */,
				D9DF8BED23C4703F003645AD /* Assets.xcassets in Resources */,
			);
			runOnlyForDeploymentPostprocessing = 0;
		};
		D9DF8BF723C4703F003645AD /* Resources */ = {
			isa = PBXResourcesBuildPhase;
			buildActionMask = 2147483647;
			files = (
			);
			runOnlyForDeploymentPostprocessing = 0;
		};
/* End PBXResourcesBuildPhase section */

/* Begin PBXSourcesBuildPhase section */
		D9DF8BDF23C4703F003645AD /* Sources */ = {
			isa = PBXSourcesBuildPhase;
			buildActionMask = 2147483647;
			files = (
				D9DF8BE723C4703F003645AD /* AppDelegate.swift in Sources */,
				D9DF8BE923C4703F003645AD /* SceneDelegate.swift in Sources */,
				D9DF8BEB23C4703F003645AD /* ContentView.swift in Sources */,
			);
			runOnlyForDeploymentPostprocessing = 0;
		};
		D9DF8BF523C4703F003645AD /* Sources */ = {
			isa = PBXSourcesBuildPhase;
			buildActionMask = 2147483647;
			files = (
				D9DF8BFE23C4703F003645AD /* countdownsTests.swift in Sources */,
			);
			runOnlyForDeploymentPostprocessing = 0;
		};
/* End PBXSourcesBuildPhase section */

/* Begin PBXTargetDependency section */
		D9DF8BFB23C4703F003645AD /* PBXTargetDependency */ = {
			isa = PBXTargetDependency;
			target = D9DF8BE223C4703F003645AD /* countdowns */;
			targetProxy = D9DF8BFA23C4703F003645AD /* PBXContainerItemProxy */;
		};
/* End PBXTargetDependency section */

/* Begin PBXVariantGroup section */
		D9DF8BF123C4703F003645AD /* LaunchScreen.storyboard */ = {
			isa = PBXVariantGroup;
			children = (
				D9DF8BF223C4703F003645AD /* Base */,
			);
			name = LaunchScreen.storyboard;
			sourceTree = "<group>";
		};
/* End PBXVariantGroup section */

/* Begin XCBuildConfiguration section */
		D9DF8C0023C4703F003645AD /* Debug */ = {
			isa = XCBuildConfiguration;
			buildSettings = {
				ALWAYS_SEARCH_USER_PATHS = NO;
				CLANG_ANALYZER_NONNULL = YES;
				CLANG_ANALYZER_NUMBER_OBJECT_CONVERSION = YES_AGGRESSIVE;
				CLANG_CXX_LANGUAGE_STANDARD = "gnu++14";
				CLANG_CXX_LIBRARY = "libc++";
				CLANG_ENABLE_MODULES = YES;
				CLANG_ENABLE_OBJC_ARC = YES;
				CLANG_ENABLE_OBJC_WEAK = YES;
				CLANG_WARN_BLOCK_CAPTURE_AUTORELEASING = YES;
				CLANG_WARN_BOOL_CONVERSION = YES;
				CLANG_WARN_COMMA = YES;
				CLANG_WARN_CONSTANT_CONVERSION = YES;
				CLANG_WARN_DEPRECATED_OBJC_IMPLEMENTATIONS = YES;
				CLANG_WARN_DIRECT_OBJC_ISA_USAGE = YES_ERROR;
				CLANG_WARN_DOCUMENTATION_COMMENTS = YES;
				CLANG_WARN_EMPTY_BODY = YES;
				CLANG_WARN_ENUM_CONVERSION = YES;
				CLANG_WARN_INFINITE_RECURSION = YES;
				CLANG_WARN_INT_CONVERSION = YES;
				CLANG_WARN_NON_LITERAL_NULL_CONVERSION = YES;
				CLANG_WARN_OBJC_IMPLICIT_RETAIN_SELF = YES;
				CLANG_WARN_OBJC_LITERAL_CONVERSION = YES;
				CLANG_WARN_OBJC_ROOT_CLASS = YES_ERROR;
				CLANG_WARN_RANGE_LOOP_ANALYSIS = YES;
				CLANG_WARN_STRICT_PROTOTYPES = YES;
				CLANG_WARN_SUSPICIOUS_MOVE = YES;
				CLANG_WARN_UNGUARDED_AVAILABILITY = YES_AGGRESSIVE;
				CLANG_WARN_UNREACHABLE_CODE = YES;
				CLANG_WARN__DUPLICATE_METHOD_MATCH = YES;
				COPY_PHASE_STRIP = NO;
				DEBUG_INFORMATION_FORMAT = dwarf;
				ENABLE_STRICT_OBJC_MSGSEND = YES;
				ENABLE_TESTABILITY = YES;
				GCC_C_LANGUAGE_STANDARD = gnu11;
				GCC_DYNAMIC_NO_PIC = NO;
				GCC_NO_COMMON_BLOCKS = YES;
				GCC_OPTIMIZATION_LEVEL = 0;
				GCC_PREPROCESSOR_DEFINITIONS = (
					"DEBUG=1",
					"$(inherited)",
				);
				GCC_WARN_64_TO_32_BIT_CONVERSION = YES;
				GCC_WARN_ABOUT_RETURN_TYPE = YES_ERROR;
				GCC_WARN_UNDECLARED_SELECTOR = YES;
				GCC_WARN_UNINITIALIZED_AUTOS = YES_AGGRESSIVE;
				GCC_WARN_UNUSED_FUNCTION = YES;
				GCC_WARN_UNUSED_VARIABLE = YES;
				IPHONEOS_DEPLOYMENT_TARGET = 13.2;
				MTL_ENABLE_DEBUG_INFO = INCLUDE_SOURCE;
				MTL_FAST_MATH = YES;
				ONLY_ACTIVE_ARCH = YES;
				SDKROOT = iphoneos;
				SWIFT_ACTIVE_COMPILATION_CONDITIONS = DEBUG;
				SWIFT_OPTIMIZATION_LEVEL = "-Onone";
			};
			name = Debug;
		};
		D9DF8C0123C4703F003645AD /* Release */ = {
			isa = XCBuildConfiguration;
			buildSettings = {
				ALWAYS_SEARCH_USER_PATHS = NO;
				CLANG_ANALYZER_NONNULL = YES;
				CLANG_ANALYZER_NUMBER_OBJECT_CONVERSION = YES_AGGRESSIVE;
				CLANG_CXX_LANGUAGE_STANDARD = "gnu++14";
				CLANG_CXX_LIBRARY = "libc++";
				CLANG_ENABLE_MODULES = YES;
				CLANG_ENABLE_OBJC_ARC = YES;
				CLANG_ENABLE_OBJC_WEAK = YES;
				CLANG_WARN_BLOCK_CAPTURE_AUTORELEASING = YES;
				CLANG_WARN_BOOL_CONVERSION = YES;
				CLANG_WARN_COMMA = YES;
				CLANG_WARN_CONSTANT_CONVERSION = YES;
				CLANG_WARN_DEPRECATED_OBJC_IMPLEMENTATIONS = YES;
				CLANG_WARN_DIRECT_OBJC_ISA_USAGE = YES_ERROR;
				CLANG_WARN_DOCUMENTATION_COMMENTS = YES;
				CLANG_WARN_EMPTY_BODY = YES;
				CLANG_WARN_ENUM_CONVERSION = YES;
				CLANG_WARN_INFINITE_RECURSION = YES;
				CLANG_WARN_INT_CONVERSION = YES;
				CLANG_WARN_NON_LITERAL_NULL_CONVERSION = YES;
				CLANG_WARN_OBJC_IMPLICIT_RETAIN_SELF = YES;
				CLANG_WARN_OBJC_LITERAL_CONVERSION = YES;
				CLANG_WARN_OBJC_ROOT_CLASS = YES_ERROR;
				CLANG_WARN_RANGE_LOOP_ANALYSIS = YES;
				CLANG_WARN_STRICT_PROTOTYPES = YES;
				CLANG_WARN_SUSPICIOUS_MOVE = YES;
				CLANG_WARN_UNGUARDED_AVAILABILITY = YES_AGGRESSIVE;
				CLANG_WARN_UNREACHABLE_CODE = YES;
				CLANG_WARN__DUPLICATE_METHOD_MATCH = YES;
				COPY_PHASE_STRIP = NO;
				DEBUG_INFORMATION_FORMAT = "dwarf-with-dsym";
				ENABLE_NS_ASSERTIONS = NO;
				ENABLE_STRICT_OBJC_MSGSEND = YES;
				GCC_C_LANGUAGE_STANDARD = gnu11;
				GCC_NO_COMMON_BLOCKS = YES;
				GCC_WARN_64_TO_32_BIT_CONVERSION = YES;
				GCC_WARN_ABOUT_RETURN_TYPE = YES_ERROR;
				GCC_WARN_UNDECLARED_SELECTOR = YES;
				GCC_WARN_UNINITIALIZED_AUTOS = YES_AGGRESSIVE;
				GCC_WARN_UNUSED_FUNCTION = YES;
				GCC_WARN_UNUSED_VARIABLE = YES;
				IPHONEOS_DEPLOYMENT_TARGET = 13.2;
				MTL_ENABLE_DEBUG_INFO = NO;
				MTL_FAST_MATH = YES;
				SDKROOT = iphoneos;
				SWIFT_COMPILATION_MODE = wholemodule;
				SWIFT_OPTIMIZATION_LEVEL = "-O";
				VALIDATE_PRODUCT = YES;
			};
			name = Release;
		};
		D9DF8C0323C4703F003645AD /* Debug */ = {
			isa = XCBuildConfiguration;
			buildSettings = {
				ASSETCATALOG_COMPILER_APPICON_NAME = AppIcon;
				CODE_SIGN_STYLE = Automatic;
				DEVELOPMENT_ASSET_PATHS = "\"countdowns/Preview Content\"";
				DEVELOPMENT_TEAM = U45ZNT55FZ;
				ENABLE_PREVIEWS = YES;
				INFOPLIST_FILE = countdowns/Info.plist;
				LD_RUNPATH_SEARCH_PATHS = (
					"$(inherited)",
					"@executable_path/Frameworks",
				);
				PRODUCT_BUNDLE_IDENTIFIER = com.sbs.countdowns;
				PRODUCT_NAME = "$(TARGET_NAME)";
				SWIFT_VERSION = 5.0;
				TARGETED_DEVICE_FAMILY = "1,2";
			};
			name = Debug;
		};
		D9DF8C0423C4703F003645AD /* Release */ = {
			isa = XCBuildConfiguration;
			buildSettings = {
				ASSETCATALOG_COMPILER_APPICON_NAME = AppIcon;
				CODE_SIGN_STYLE = Automatic;
				DEVELOPMENT_ASSET_PATHS = "\"countdowns/Preview Content\"";
				DEVELOPMENT_TEAM = U45ZNT55FZ;
				ENABLE_PREVIEWS = YES;
				INFOPLIST_FILE = countdowns/Info.plist;
				LD_RUNPATH_SEARCH_PATHS = (
					"$(inherited)",
					"@executable_path/Frameworks",
				);
				PRODUCT_BUNDLE_IDENTIFIER = com.sbs.countdowns;
				PRODUCT_NAME = "$(TARGET_NAME)";
				SWIFT_VERSION = 5.0;
				TARGETED_DEVICE_FAMILY = "1,2";
			};
			name = Release;
		};
		D9DF8C0623C4703F003645AD /* Debug */ = {
			isa = XCBuildConfiguration;
			buildSettings = {
				ALWAYS_EMBED_SWIFT_STANDARD_LIBRARIES = YES;
				BUNDLE_LOADER = "$(TEST_HOST)";
				CODE_SIGN_STYLE = Automatic;
				DEVELOPMENT_TEAM = U45ZNT55FZ;
				INFOPLIST_FILE = countdownsTests/Info.plist;
				IPHONEOS_DEPLOYMENT_TARGET = 13.2;
				LD_RUNPATH_SEARCH_PATHS = (
					"$(inherited)",
					"@executable_path/Frameworks",
					"@loader_path/Frameworks",
				);
				PRODUCT_BUNDLE_IDENTIFIER = com.sbs.countdownsTests;
				PRODUCT_NAME = "$(TARGET_NAME)";
				SWIFT_VERSION = 5.0;
				TARGETED_DEVICE_FAMILY = "1,2";
				TEST_HOST = "$(BUILT_PRODUCTS_DIR)/countdowns.app/countdowns";
			};
			name = Debug;
		};
		D9DF8C0723C4703F003645AD /* Release */ = {
			isa = XCBuildConfiguration;
			buildSettings = {
				ALWAYS_EMBED_SWIFT_STANDARD_LIBRARIES = YES;
				BUNDLE_LOADER = "$(TEST_HOST)";
				CODE_SIGN_STYLE = Automatic;
				DEVELOPMENT_TEAM = U45ZNT55FZ;
				INFOPLIST_FILE = countdownsTests/Info.plist;
				IPHONEOS_DEPLOYMENT_TARGET = 13.2;
				LD_RUNPATH_SEARCH_PATHS = (
					"$(inherited)",
					"@executable_path/Frameworks",
					"@loader_path/Frameworks",
				);
				PRODUCT_BUNDLE_IDENTIFIER = com.sbs.countdownsTests;
				PRODUCT_NAME = "$(TARGET_NAME)";
				SWIFT_VERSION = 5.0;
				TARGETED_DEVICE_FAMILY = "1,2";
				TEST_HOST = "$(BUILT_PRODUCTS_DIR)/countdowns.app/countdowns";
			};
			name = Release;
		};
/* End XCBuildConfiguration section */

/* Begin XCConfigurationList section */
		D9DF8BDE23C4703F003645AD /* Build configuration list for PBXProject "countdowns" */ = {
			isa = XCConfigurationList;
			buildConfigurations = (
				D9DF8C0023C4703F003645AD /* Debug */,
				D9DF8C0123C4703F003645AD /* Release */,
			);
			defaultConfigurationIsVisible = 0;
			defaultConfigurationName = Release;
		};
		D9DF8C0223C4703F003645AD /* Build configuration list for PBXNativeTarget "countdowns" */ = {
			isa = XCConfigurationList;
			buildConfigurations = (
				D9DF8C0323C4703F003645AD /* Debug */,
				D9DF8C0423C4703F003645AD /* Release */,
			);
			defaultConfigurationIsVisible = 0;
			defaultConfigurationName = Release;
		};
		D9DF8C0523C4703F003645AD /* Build configuration list for PBXNativeTarget "countdownsTests" */ = {
			isa = XCConfigurationList;
			buildConfigurations = (
				D9DF8C0623C4703F003645AD /* Debug */,
				D9DF8C0723C4703F003645AD /* Release */,
			);
			defaultConfigurationIsVisible = 0;
			defaultConfigurationName = Release;
		};
/* End XCConfigurationList section */
	};
	rootObject = D9DF8BDB23C4703F003645AD /* Project object */;
}
